version = 1
revision = 3
requires-python = ">=3.13"

[[package]]
name = "colorama"
version = "0.4.6"
source = { registry = "https://pypi.org/simple" }
sdist = { url = "https://files.pythonhosted.org/packages/d8/53/6f443c9a4a8358a93a6792e2acffb9d9d5cb0a5cfd8802644b7b1c9a02e4/colorama-0.4.6.tar.gz", hash = "sha256:08695f5cb7ed6e0531a20572697297273c47b8cae5a63ffc6d6ed5c201be6e44", size = 27697, upload-time = "2022-10-25T02:36:22.414Z" }
wheels = [
    { url = "https://files.pythonhosted.org/packages/d1/d6/3965ed04c63042e047cb6a3e6ed1a63a35087b6a609aa3a15ed8ac56c221/colorama-0.4.6-py2.py3-none-any.whl", hash = "sha256:4f1d9991f5acc0ca119f9d443620b77f9d6b33703e51011c16baf57afb285fc6", size = 25335, upload-time = "2022-10-25T02:36:20.889Z" },
]

[[package]]
name = "iniconfig"
version = "2.3.0"
source = { registry = "https://pypi.org/simple" }
sdist = { url = "https://files.pythonhosted.org/packages/72/34/14ca021ce8e5dfedc35312d08ba8bf51fdd999c576889fc2c24cb97f4f10/iniconfig-2.3.0.tar.gz", hash = "sha256:c76315c77db068650d49c5b56314774a7804df16fee4402c1f19d6d15d8c4730", size = 20503, upload-time = "2025-10-18T21:55:43.219Z" }
wheels = [
    { url = "https://files.pythonhosted.org/packages/cb/b1/3846dd7f199d53cb17f49cba7e651e9ce294d8497c8c150530ed11865bb8/iniconfig-2.3.0-py3-none-any.whl", hash = "sha256:f631c04d2c48c52b84d0d0549c99ff3859c98df65b3101406327ecc7d53fbf12", size = 7484, upload-time = "2025-10-18T21:55:41.639Z" },
]

[[package]]
name = "nodeenv"
version = "1.10.0"
source = { registry = "https://pypi.org/simple" }
sdist = { url = "https://files.pythonhosted.org/packages/24/bf/d1bda4f6168e0b2e9e5958945e01910052158313224ada5ce1fb2e1113b8/nodeenv-1.10.0.tar.gz", hash = "sha256:996c191ad80897d076bdfba80a41994c2b47c68e224c542b48feba42ba00f8bb", size = 55611, upload-time = "2025-12-20T14:08:54.006Z" }
wheels = [
    { url = "https://files.pythonhosted.org/packages/88/b2/d0896bdcdc8d28a7fc5717c305f1a861c26e18c05047949fb371034d98bd/nodeenv-1.10.0-py2.py3-none-any.whl", hash = "sha256:5bb13e3eed2923615535339b3c620e76779af4cb4c6a90deccc9e36b274d3827", size = 23438, upload-time = "2025-12-20T14:08:52.782Z" },
]

[[package]]
name = "ota-builder"
version = "0.0.0"
source = { virtual = "." }

[package.dev-dependencies]
dev = [
    { name = "pyright" },
    { name = "pytest" },
    { name = "ruff" },
    { name = "typos" },
]

[package.metadata]

[package.metadata.requires-dev]
dev = [
    { name = "pyright", specifier = ">=1.1.409" },
    { name = "pytest", specifier = ">=9.0.3" },
    { name = "ruff", specifier = ">=0.15.10" },
    { name = "typos", specifier = ">=1.45.0" },
]

[[package]]
name = "packaging"
version = "26.2"
source = { registry = "https://pypi.org/simple" }
sdist = { url = "https://files.pythonhosted.org/packages/d7/f1/e7a6dd94a8d4a5626c03e4e99c87f241ba9e350cd9e6d75123f992427270/packaging-26.2.tar.gz", hash = "sha256:ff452ff5a3e828ce110190feff1178bb1f2ea2281fa2075aadb987c2fb221661", size = 228134, upload-time = "2026-04-24T20:15:23.917Z" }
wheels = [
    { url = "https://files.pythonhosted.org/packages/df/b2/87e62e8c3e2f4b32e5fe99e0b86d576da1312593b39f47d8ceef365e95ed/packaging-26.2-py3-none-any.whl", hash = "sha256:5fc45236b9446107ff2415ce77c807cee2862cb6fac22b8a73826d0693b0980e", size = 100195, upload-time = "2026-04-24T20:15:22.081Z" },
]

[[package]]
name = "pluggy"
version = "1.6.0"
source = { registry = "https://pypi.org/simple" }
sdist = { url = "https://files.pythonhosted.org/packages/f9/e2/3e91f31a7d2b083fe6ef3fa267035b518369d9511ffab804f839851d2779/pluggy-1.6.0.tar.gz", hash = "sha256:7dcc130b76258d33b90f61b658791dede3486c3e6bfb003ee5c9bfb396dd22f3", size = 69412, upload-time = "2025-05-15T12:30:07.975Z" }
wheels = [
    { url = "https://files.pythonhosted.org/packages/54/20/4d324d65cc6d9205fabedc306948156824eb9f0ee1633355a8f7ec5c66bf/pluggy-1.6.0-py3-none-any.whl", hash = "sha256:e920276dd6813095e9377c0bc5566d94c932c33b27a3e3945d8389c374dd4746", size = 20538, upload-time = "2025-05-15T12:30:06.134Z" },
]

[[package]]
name = "pygments"
version = "2.20.0"
source = { registry = "https://pypi.org/simple" }
sdist = { url = "https://files.pythonhosted.org/packages/c3/b2/bc9c9196916376152d655522fdcebac55e66de6603a76a02bca1b6414f6c/pygments-2.20.0.tar.gz", hash = "sha256:6757cd03768053ff99f3039c1a36d6c0aa0b263438fcab17520b30a303a82b5f", size = 4955991, upload-time = "2026-03-29T13:29:33.898Z" }
wheels = [
    { url = "https://files.pythonhosted.org/packages/f4/7e/a72dd26f3b0f4f2bf1dd8923c85f7ceb43172af56d63c7383eb62b332364/pygments-2.20.0-py3-none-any.whl", hash = "sha256:81a9e26dd42fd28a23a2d169d86d7ac03b46e2f8b59ed4698fb4785f946d0176", size = 1231151, upload-time = "2026-03-29T13:29:30.038Z" },
]

[[package]]
name = "pyright"
version = "1.1.409"
source = { registry = "https://pypi.org/simple" }
dependencies = [
    { name = "nodeenv" },
    { name = "typing-extensions" },
]
sdist = { url = "https://files.pythonhosted.org/packages/51/4e/3aa27f74211522dba7e9cbc3e74de779c6d4b654c54e50a4840623be8014/pyright-1.1.409.tar.gz", hash = "sha256:986ee05beca9e077c165758ad123667c679e050059a2546aa02473930394bc93", size = 4430434, upload-time = "2026-04-23T11:02:03.799Z" }
wheels = [
    { url = "https://files.pythonhosted.org/packages/16/6b/330d8ebae582b30c2959a1ef4c3bc344ebde48c2ff0c3f113c4710735e11/pyright-1.1.409-py3-none-any.whl", hash = "sha256:aa3ea228cab90c845c7a60d28db7a844c04315356392aa09fafcee98c8c22fb3", size = 6438161, upload-time = "2026-04-23T11:02:01.309Z" },
]

[[package]]
name = "pytest"
version = "9.0.3"
source = { registry = "https://pypi.org/simple" }
dependencies = [
    { name = "colorama", marker = "sys_platform == 'win32'" },
    { name = "iniconfig" },
    { name = "packaging" },
    { name = "pluggy" },
    { name = "pygments" },
]
sdist = { url = "https://files.pythonhosted.org/packages/7d/0d/549bd94f1a0a402dc8cf64563a117c0f3765662e2e668477624baeec44d5/pytest-9.0.3.tar.gz", hash = "sha256:b86ada508af81d19edeb213c681b1d48246c1a91d304c6c81a427674c17eb91c", size = 1572165, upload-time = "2026-04-07T17:16:18.027Z" }
wheels = [
    { url = "https://files.pythonhosted.org/packages/d4/24/a372aaf5c9b7208e7112038812994107bc65a84cd00e0354a88c2c77a617/pytest-9.0.3-py3-none-any.whl", hash = "sha256:2c5efc453d45394fdd706ade797c0a81091eccd1d6e4bccfcd476e2b8e0ab5d9", size = 375249, upload-time = "2026-04-07T17:16:16.13Z" },
]

[[package]]
name = "ruff"
version = "0.15.15"
source = { registry = "https://pypi.org/simple" }
sdist = { url = "https://files.pythonhosted.org/packages/84/6f/a76f7d96e5c962f5b69cee865e49c15c1116897c01990faa8a57edb62e7f/ruff-0.15.15.tar.gz", hash = "sha256:b8dff018130b46d8e5bf0f926ef6b60cf871d6d5ae45fc9334e09632daa741d6", size = 4706985, upload-time = "2026-05-28T14:16:57.784Z" }
wheels = [
    { url = "https://files.pythonhosted.org/packages/fa/9d/3a45c05b8ab04b4705989de70a79008e27c8003296a0feaee9edc18dd7e9/ruff-0.15.15-py3-none-linux_armv6l.whl", hash = "sha256:cf93e5388f412e1b108b1f8b34a6e036b70fe8aff89393befad96fe48670311b", size = 10710652, upload-time = "2026-05-28T14:16:06.701Z" },
    { url = "https://files.pythonhosted.org/packages/05/66/da974431624bf3b49f6ee1f9543c02d929ff1cba78b0d5a79c38cf21f744/ruff-0.15.15-py3-none-macosx_10_12_x86_64.whl", hash = "sha256:ac5a646d1f6a7dadd5d50842dae2c1f9862ac887ef5d1b1375e02def791fde6e", size = 11096615, upload-time = "2026-05-28T14:16:23.313Z" },
    { url = "https://files.pythonhosted.org/packages/8c/09/7443452e5d290230a712103f2fdceeef7184f3ec99a2bd01c8be78aaceb5/ruff-0.15.15-py3-none-macosx_11_0_arm64.whl", hash = "sha256:77d955a431430c66f72dd94e379ad38a16daea3d25094872ac4edf9e797be530", size = 10436683, upload-time = "2026-05-28T14:16:40.974Z" },
    { url = "https://files.pythonhosted.org/packages/53/01/d330c26a57fa4f3943a14424904027428315b700fe4d14a84bb123a649e5/ruff-0.15.15-py3-none-manylinux_2_17_aarch64.manylinux2014_aarch64.whl", hash = "sha256:7614ee79c69788cf6cedd568069ade9cecc22a1ad20494efe8d0c9ebb4b622d4", size = 10769064, upload-time = "2026-05-28T14:16:28.905Z" },
    { url = "https://files.pythonhosted.org/packages/1d/85/cc8770f8bdff541b1da8392d1634141fe4a0e3f4ee596605959b7906c27f/ruff-0.15.15-py3-none-manylinux_2_17_armv7l.manylinux2014_armv7l.whl", hash = "sha256:3cdb1679e06a1f6b47bc384714ae96f6e2fb65ca441eb78c43d2ca554176ce1f", size = 10511987, upload-time = "2026-05-28T14:16:43.732Z" },
    { url = "https://files.pythonhosted.org/packages/7c/29/8c190c1472b63013583ba391f3342036e02010544c1270455ed8e519bdf3/ruff-0.15.15-py3-none-manylinux_2_17_i686.manylinux2014_i686.whl", hash = "sha256:2728b93d7b23a603ea2c0ac6eb73d760bd38ec9de35f35fb41e18f7a3fee7622", size = 11275100, upload-time = "2026-05-28T14:16:55.244Z" },
    { url = "https://files.pythonhosted.org/packages/9f/6b/7e145ce2cc8e63d6834eca03d83a0e18d121def5c69f91b4cf4011ed4879/ruff-0.15.15-py3-none-manylinux_2_17_ppc64le.manylinux2014_ppc64le.whl", hash = "sha256:be582fcc0db438902c7792b08d6ddf6c9b9e21addaa10092c2c741cfb09e5a45", size = 12176903, upload-time = "2026-05-28T14:16:14.368Z" },
    { url = "https://files.pythonhosted.org/packages/80/a3/d5974637f68e451f7fadf015cf3101d1cd7d8ba5027cffe0b9e3826ebe6b/ruff-0.15.15-py3-none-manylinux_2_17_s390x.manylinux2014_s390x.whl", hash = "sha256:7aa77465b8ecaf1a27bea098d696f7fed5e1eccbd10b321b682d6de586ae5627", size = 11404550, upload-time = "2026-05-28T14:16:20.138Z" },
    { url = "https://files.pythonhosted.org/packages/fe/1c/e6e5e568f22be4fb05d6244234aba384c06b451252453b821e1a529263cf/ruff-0.15.15-py3-none-manylinux_2_17_x86_64.manylinux2014_x86_64.whl", hash = "sha256:48decfa11d740de4889de623be1463308346312f2409a56e24aa280c86162dc4", size = 11382027, upload-time = "2026-05-28T14:16:46.615Z" },
    { url = "https://files.pythonhosted.org/packages/1d/01/170921b49fcd2e8858825593f91cf7146c3e40a5c3e6df763e4bb0484dde/ruff-0.15.15-py3-none-manylinux_2_31_riscv64.whl", hash = "sha256:a5015088452ca0081387063649ec67f06d3d1d6b8b936a1f836b5e9657ecd48c", size = 11366041, upload-time = "2026-05-28T14:16:26.247Z" },
    { url = "https://files.pythonhosted.org/packages/87/54/a7bad711d7de93254e15e06a4c375b89a03d18de45d3e5dcc86a4472fb1a/ruff-0.15.15-py3-none-musllinux_1_2_aarch64.whl", hash = "sha256:f5294aab6356c81600fcdea3a62bb1b924dfd5e91767c12318d3f68f86af57cd", size = 10741795, upload-time = "2026-05-28T14:16:17.11Z" },
    { url = "https://files.pythonhosted.org/packages/c9/31/38c075963668f8b41c6914ee0f6f318727fbe30ab9145cb29e6df464c5fa/ruff-0.15.15-py3-none-musllinux_1_2_armv7l.whl", hash = "sha256:db5bd4d802415cca656dc1616070b725952d6ae95eb5d4831e49fbd94a38f75f", size = 10511117, upload-time = "2026-05-28T14:16:31.767Z" },
    { url = "https://files.pythonhosted.org/packages/9d/96/6ff689e1f7e375d1d97075eca022f74c2bab59554a432fe4d2e6f091986a/ruff-0.15.15-py3-none-musllinux_1_2_i686.whl", hash = "sha256:587a6278ed42059191c1a466e490bd7930fb50bd2e255398bc29616c895a61cb", size = 10994867, upload-time = "2026-05-28T14:16:35.149Z" },
    { url = "https://files.pythonhosted.org/packages/c3/c2/5dce0ab9f92a8d534fa62b9bf9caca3eddb8c1a81b616f5e195ada4f0d6e/ruff-0.15.15-py3-none-musllinux_1_2_x86_64.whl", hash = "sha256:df0c1c084f5f4be9812f61518a45c440d3c30d69ce4bf6c5270e66d38338f02a", size = 11482101, upload-time = "2026-05-28T14:16:49.598Z" },
    { url = "https://files.pythonhosted.org/packages/b1/c0/1003b60edd697c649faf61f1a34094b1abb38fb3d1181e3f895781250a08/ruff-0.15.15-py3-none-win32.whl", hash = "sha256:29428ea79694afbe756d45fd59b36f22b6b020dc0443cf7de0173046236964b9", size = 10716774, upload-time = "2026-05-28T14:16:52.337Z" },
    { url = "https://files.pythonhosted.org/packages/02/a8/1269eddd6945a06c23f055ef7848886e37cf9d6a8bebb386a3115f01470c/ruff-0.15.15-py3-none-win_amd64.whl", hash = "sha256:8df0323902e15e24bc4bf246da830573d3cf3352bd0b9a164eab335d111ff4a4", size = 11868463, upload-time = "2026-05-28T14:16:11.333Z" },
    { url = "https://files.pythonhosted.org/packages/4e/b2/920464c907b191e37469d477a1aa8bc048b8f36c4c1610dfa4ab87b39e18/ruff-0.15.15-py3-none-win_arm64.whl", hash = "sha256:3c8ceca6792f38196b8f589bc92eccd03eef286602da92e5dc05cc42ef6441b7", size = 11138498, upload-time = "2026-05-28T14:16:38.425Z" },
]

[[package]]
name = "typing-extensions"
version = "4.15.0"
source = { registry = "https://pypi.org/simple" }
sdist = { url = "https://files.pythonhosted.org/packages/72/94/1a15dd82efb362ac84269196e94cf00f187f7ed21c242792a923cdb1c61f/typing_extensions-4.15.0.tar.gz", hash = "sha256:0cea48d173cc12fa28ecabc3b837ea3cf6f38c6d1136f85cbaaf598984861466", size = 109391, upload-time = "2025-08-25T13:49:26.313Z" }
wheels = [
    { url = "https://files.pythonhosted.org/packages/18/67/36e9267722cc04a6b9f15c7f3441c2363321a3ea07da7ae0c0707beb2a9c/typing_extensions-4.15.0-py3-none-any.whl", hash = "sha256:f0fa19c6845758ab08074a0cfa8b7aecb71c999ca73d62883bc25cc018c4e548", size = 44614, upload-time = "2025-08-25T13:49:24.86Z" },
]

[[package]]
name = "typos"
version = "1.47.0"
source = { registry = "https://pypi.org/simple" }
sdist = { url = "https://files.pythonhosted.org/packages/5f/bb/363c971ea146d77a712212c33db751480321e7b9855cbf8efa9dada9c1e1/typos-1.47.0.tar.gz", hash = "sha256:f00d98b8338abd6016f968fb7a3911c911010c17c333c2e102e8893b1c97db8f", size = 1828995, upload-time = "2026-05-29T01:10:48.91Z" }
wheels = [
    { url = "https://files.pythonhosted.org/packages/c5/03/783407273511a479fe5bf038d262a8a169feaa37c82cf9d2d0122bf12757/typos-1.47.0-py3-none-macosx_10_12_x86_64.whl", hash = "sha256:c4104785d237fd2256023ba4339e404ed2db58888af703eb0726a1441a8e85d7", size = 3464612, upload-time = "2026-05-29T01:10:33.974Z" },
    { url = "https://files.pythonhosted.org/packages/82/ed/b21b293228ca56b8ab870f0f71dfc6b64da33d5d1805be00d299f053eee4/typos-1.47.0-py3-none-macosx_11_0_arm64.whl", hash = "sha256:cb95b6fde16fe5bab11788bc14d3d9ec49dcbeec9517378e2fca9e283e6b7822", size = 3374520, upload-time = "2026-05-29T01:10:35.92Z" },
    { url = "https://files.pythonhosted.org/packages/de/d0/483ad8d01f130f667c058f0c2950bdbe22566c16555eec1f3d6a89d52d71/typos-1.47.0-py3-none-manylinux_2_17_aarch64.manylinux2014_aarch64.whl", hash = "sha256:653eba984d2cc55eb47d50771761bb7e0d6e52771c2489fd76b1f86fbed49a2a", size = 8237577, upload-time = "2026-05-29T01:10:37.495Z" },
    { url = "https://files.pythonhosted.org/packages/03/4a/c160ba13a594d2df5f15a7bc65f4c8613bf84511bb4aa165c96c5a92d31b/typos-1.47.0-py3-none-manylinux_2_17_i686.manylinux2014_i686.whl", hash = "sha256:be447ce8400154e4ae515cc9ecef99532cee6b29271ba3adbe3487304cd2c3c2", size = 7331972, upload-time = "2026-05-29T01:10:39.334Z" },
    { url = "https://files.pythonhosted.org/packages/02/c2/12e88e0cd6b72b86293a392b212af70cefbc51efce601b1dea831e7a46ba/typos-1.47.0-py3-none-manylinux_2_17_x86_64.manylinux2014_x86_64.whl", hash = "sha256:9856752e08face132c7d08de875567675f2c54e3e04096d6ebad09c6430e16f0", size = 7748067, upload-time = "2026-05-29T01:10:41.33Z" },
    { url = "https://files.pythonhosted.org/packages/c5/aa/3c95600ece5be8057165b55c735dbf30f2de81bfb2920ec89d6d63bd26ce/typos-1.47.0-py3-none-musllinux_1_2_aarch64.whl", hash = "sha256:438b8579e440ff88baf51cb577b2eb4514d065509ba41a10981e1ea9048a519b", size = 7094259, upload-time = "2026-05-29T01:10:42.913Z" },
    { url = "https://files.pythonhosted.org/packages/e5/57/a604f4385964bb0a9adcd52343625dc336cffe53e4f99bcc0e1516df36d5/typos-1.47.0-py3-none-musllinux_1_2_x86_64.whl", hash = "sha256:19cfe53c33ac7d0c5f029fb97939b082139b63fbbb88350ab7e6df28be31629e", size = 8134304, upload-time = "2026-05-29T01:10:44.453Z" },
    { url = "https://files.pythonhosted.org/packages/bf/a5/cf2c971663c35b2ab373482e6e68e30972a7912eb25740c3571a7c3d3191/typos-1.47.0-py3-none-win32.whl", hash = "sha256:2de87acff0b6857ce693059a6291227eec999284e16a87162178c847236bafca", size = 3140037, upload-time = "2026-05-29T01:10:46.055Z" },
    { url = "https://files.pythonhosted.org/packages/33/e2/1817bb66bfdae79b1a18ffa6d17dbd466f1e218eba3cb0964619596cd444/typos-1.47.0-py3-none-win_amd64.whl", hash = "sha256:05c1547e3dbbb6fe8a861b56cb98e9922cd5d20170ee2e7e649faa1605dfdb49", size = 3312662, upload-time = "2026-05-29T01:10:47.539Z" },
]
